github.com/InsulaLabs/insi v0.0.0-20250812215022-08700c00745c h1:Ldk0kpQYvO+6i7NJsey+uFYPxX1m/hqBZocncleQjYw=
github.com/InsulaLabs/insi v0.0.0-20250812215022-08700c00745c/go.mod h1:jsD4+sLjLbje34wCeXRMMJIhIR3peMjyIUiTS2RZ0Zo=
github.com/InsulaLabs/insi v0.0.0-20250812223925-4ccf8b77f11c h1:zBuzSoFgd4BodmLQrerdMRSe2ctPyPpszJn9ovvYgqQ=
github.com/InsulaLabs/insi v0.0.0-20250812223925-4ccf8b77f11c/go.mod h1:jsD4+sLjLbje34wCeXRMMJIhIR3peMjyIUiTS2RZ0Zo=
github.com/InsulaLabs/insi v0.0.0-20250812233837-d29b32cd4529 h1:M4VzrPKVhubZJV3LNRxe/Z1JlOjC+GDUOLHjnSytHc8=
github.com/InsulaLabs/insi v0.0.0-20250812233837-d29b32cd4529/go.mod h1:jsD4+sLjLbje34wCeXRMMJIhIR3peMjyIUiTS2RZ0Zo=
github.com/fatih/color v1.18.0 h1:S8gINlzdQ840/4pfAwic/ZE0djQEH3wM94VfqLTZcOM=
github.com/fatih/color v1.18.0/go.mod h1:4FelSpRwEGDpQ12mAdzqdOukCy4u8WUtOY6lkT/6HfU=
github.com/gorilla/websocket v1.5.3 h1:saDtZ6Pbx/0u+bgYQ3q96pZgCzfhKXGPqt7kZ72aNNg=
github.com/gorilla/websocket v1.5.3/go.mod h1:YR8l580nyteQvAITg2hZ9XVh4b55+EU/adAjf1fMHhE=
github.com/mattn/go-colorable v0.1.13 h1:fFA4WZxdEF4tXPZVKMLwD8oUnCTTo08duU7wxecdEvA=
github.com/mattn/go-colorable v0.1.13/go.mod h1:7S9/ev0klgBDR4GtXTXX8a3vIGJpMovkB8vQcUbaXHg=
github.com/mattn/go-isatty v0.0.16/go.mod h1:kYGgaQfpe5nmfYZH+SKPsOc2e4SrIfOl2e/yFXSvRLM=
github.com/mattn/go-isatty v0.0.20 h1:xfD0iDuEKnDkl03q4limB+vH+GxLEtL/jb4xVJSWWEY=
github.com/mattn/go-isatty v0.0.20/go.mod h1:W+V8PltTTMOvKvAeJH7IuucS94S2C6jfK/D7dTCTo3Y=
golang.org/x/sys v0.0.0-20220811171246-fbc7d0a398ab/go.mod h1:oPkhp1MJrh7nUepCBck5+mAzfO9JrbApNNgaTdGDITg=
golang.org/x/sys v0.6.0/go.mod h1:oPkhp1MJrh7nUepCBck5+mAzfO9JrbApNNgaTdGDITg=
golang.org/x/sys v0.32.0 h1:s77OFDvIQeibCmezSnk/q6iAfkdiQaJi4VzroCFrN20=
golang.org/x/sys v0.32.0/go.mod h1:BJP2sWEmIv4KK5OTEluFJCKSidICx8ciO85XgH3Ak8k=
gopkg.in/check.v1 v0.0.0-20161208181325-20d25e280405 h1:yhCVgyC4o1eVCa2tZl7eS0r+SDo693bJlVdllGtEeKM=
gopkg.in/check.v1 v0.0.0-20161208181325-20d25e280405/go.mod h1:Co6ibVJAznAaIkqp8huTwlJQCZ016jof/cbN4VW5Yz0=
gopkg.in/yaml.v3 v3.0.1 h1:fxVm/GzAzEWqLHuvctI91KS9hhNmmWOoWu0XTYJS7CA=
gopkg.in/yaml.v3 v3.0.1/go.mod h1:K4uyk7z7BCEPqu6E+C64Yfv1cQ7kz7rIZviUmN+EgEM=
